// !$*UTF8*$!
{
	archiveVersion = 1;
	classes = {
	};
	objectVersion = 46;
	objects = {

/* Begin PBXBuildFile section */
		C9519BAB1D3D7E96008DBA87 /* AppDelegate.swift in Sources */ = {isa = PBXBuildFile; fileRef = C9519BAA1D3D7E96008DBA87 /* AppDelegate.swift */; };
		C9519BAD1D3D7E96008DBA87 /* ViewController.swift in Sources */ = {isa = PBXBuildFile; fileRef = C9519BAC1D3D7E96008DBA87 /* ViewController.swift */; };
		C9519BB01D3D7E96008DBA87 /* Main.storyboard in Resources */ = {isa = PBXBuildFile; fileRef = C9519BAE1D3D7E96008DBA87 /* Main.storyboard */; };
		C9519BB21D3D7E96008DBA87 /* Assets.xcassets in Resources */ = {isa = PBXBuildFile; fileRef = C9519BB11D3D7E96008DBA87 /* Assets.xcassets */; };
		C9519BB51D3D7E96008DBA87 /* LaunchScreen.storyboard in Resources */ = {isa = PBXBuildFile; fileRef = C9519BB31D3D7E96008DBA87 /* LaunchScreen.storyboard */; };
/* End PBXBuildFile section */

/* Begin PBXFileReference section */
		C9519BA71D3D7E96008DBA87 /* TestingJointProject.app */ = {isa = PBXFileReference; explicitFileType = wrapper.application; includeInIndex = 0; path = TestingJointProject.app; sourceTree = BUILT_PRODUCTS_DIR; };
		C9519BAA1D3D7E96008DBA87 /* AppDelegate.swift */ = {isa = PBXFileReference; lastKnownFileType = sourcecode.swift; path = AppDelegate.swift; sourceTree = "<group>"; };
		C9519BAC1D3D7E96008DBA87 /* ViewController.swift */ = {isa = PBXFileReference; lastKnownFileType = sourcecode.swift; path = ViewController.swift; sourceTree = "<group>"; };
		C9519BAF1D3D7E96008DBA87 /* Base */ = {isa = PBXFileReference; lastKnownFileType = file.storyboard; name = Base; path = Base.lproj/Main.storyboard; sourceTree = "<group>"; };
		C9519BB11D3D7E96008DBA87 /* Assets.xcassets */ = {isa = PBXFileReference; lastKnownFileType = folder.assetcatalog; path = Assets.xcassets; sourceTree = "<group>"; };
		C9519BB41D3D7E96008DBA87 /* Base */ = {isa = PBXFileReference; lastKnownFileType = file.storyboard; name = Base; path = Base.lproj/LaunchScreen.storyboard; sourceTree = "<group>"; };
		C9519BB61D3D7E96008DBA87 /* Info.plist */ = {isa = PBXFileReference; lastKnownFileType = text.plist.xml; path = Info.plist; sourceTree = "<group>"; };
/* End PBXFileReference section */

/* Begin PBXFrameworksBuildPhase section */
		C9519BA41D3D7E96008DBA87 /* Frameworks */ = {
			isa = PBXFrameworksBuildPhase;
			buildActionMask = 2147483647;
			files = (
			);
			runOnlyForDeploymentPostprocessing = 0;
		};
/* End PBXFrameworksBuildPhase section */

/* Begin PBXGroup section */
		C9519B9E1D3D7E96008DBA87 = {
			isa = PBXGroup;
			children = (
				C9519BA91D3D7E96008DBA87 /* TestingJointProject */,
				C9519BA81D3D7E96008DBA87 /* Products */,
			);
			sourceTree = "<group>";
		};
		C9519BA81D3D7E96008DBA87 /* Products */ = {
			isa = PBXGroup;
			children = (
				C9519BA71D3D7E96008DBA87 /* TestingJointProject.app */,
			);
			name = Products;
			sourceTree = "<group>";
		};
		C9519BA91D3D7E96008DBA87 /* TestingJointProject */ = {
			isa = PBXGroup;
			children = (
				C9519BAA1D3D7E96008DBA87 /* AppDelegate.swift */,
				C9519BAC1D3D7E96008DBA87 /* ViewController.swift */,
				C9519BAE1D3D7E96008DBA87 /* Main.storyboard */,
				C9519BB11D3D7E96008DBA87 /* Assets.xcassets */,
				C9519BB31D3D7E96008DBA87 /* LaunchScreen.storyboard */,
				C9519BB61D3D7E96008DBA87 /* Info.plist */,
			);
			path = TestingJointProject;
			sourceTree = "<group>";
		};
/* End PBXGroup section */

/* Begin PBXNativeTarget section */
		C9519BA61D3D7E96008DBA87 /* TestingJointProject */ = {
			isa = PBXNativeTarget;
			buildConfigurationList = C9519BB91D3D7E96008DBA87 /* Build configuration list for PBXNativeTarget "TestingJointProject" */;
			buildPhases = (
				C9519BA31D3D7E96008DBA87 /* Sources */,
				C9519BA41D3D7E96008DBA87 /* Frameworks */,
				C9519BA51D3D7E96008DBA87 /* Resources */,
			);
			buildRules = (
			);
			dependencies = (
			);
			name = TestingJointProject;
			productName = TestingJointProject;
			productReference = C9519BA71D3D7E96008DBA87 /* TestingJointProject.app */;
			productType = "com.apple.product-type.application";
		};
/* End PBXNativeTarget section */

/* Begin PBXProject section */
		C9519B9F1D3D7E96008DBA87 /* Project object */ = {
			isa = PBXProject;
			attributes = {
				LastSwiftUpdateCheck = 0730;
				LastUpgradeCheck = 0730;
				ORGANIZATIONNAME = mamerige;
				TargetAttributes = {
					C9519BA61D3D7E96008DBA87 = {
						CreatedOnToolsVersion = 7.3.1;
					};
				};
			};
			buildConfigurationList = C9519BA21D3D7E96008DBA87 /* Build configuration list for PBXProject "TestingJointProject" */;
			compatibilityVersion = "Xcode 3.2";
			developmentRegion = English;
			hasScannedForEncodings = 0;
			knownRegions = (
				en,
				Base,
			);
			mainGroup = C9519B9E1D3D7E96008DBA87;
			productRefGroup = C9519BA81D3D7E96008DBA87 /* Products */;
			projectDirPath = "";
			projectRoot = "";
			targets = (
				C9519BA61D3D7E96008DBA87 /* TestingJointProject */,
			);
		};
/* End PBXProject section */

/* Begin PBXResourcesBuildPhase section */
		C9519BA51D3D7E96008DBA87 /* Resources */ = {
			isa = PBXResourcesBuildPhase;
			buildActionMask = 2147483647;
			files = (
				C9519BB51D3D7E96008DBA87 /* LaunchScreen.storyboard in Resources */,
				C9519BB21D3D7E96008DBA87 /* Assets.xcassets in Resources */,
				C9519BB01D3D7E96008DBA87 /* Main.storyboard in Resources */,
			);
			runOnlyForDeploymentPostprocessing = 0;
		};
/* End PBXResourcesBuildPhase section */

/* Begin PBXSourcesBuildPhase section */
		C9519BA31D3D7E96008DBA87 /* Sources */ = {
			isa = PBXSourcesBuildPhase;
			buildActionMask = 2147483647;
			files = (
				C9519BAD1D3D7E96008DBA87 /* ViewController.swift in Sources */,
				C9519BAB1D3D7E96008DBA87 /* AppDelegate.swift in Sources */,
			);
			runOnlyForDeploymentPostprocessing = 0;
		};
/* End PBXSourcesBuildPhase section */

/* Begin PBXVariantGroup section */
		C9519BAE1D3D7E96008DBA87 /* Main.storyboard */ = {
			isa = PBXVariantGroup;
			children = (
				C9519BAF1D3D7E96008DBA87 /* Base */,
			);
			name = Main.storyboard;
			sourceTree = "<group>";
		};
		C9519BB31D3D7E96008DBA87 /* LaunchScreen.storyboard */ = {
			isa = PBXVariantGroup;
			children = (
				C9519BB41D3D7E96008DBA87 /* Base */,
			);
			name = LaunchScreen.storyboard;
			sourceTree = "<group>";
		};
/* End PBXVariantGroup section */

/* Begin XCBuildConfiguration section */
		C9519BB71D3D7E96008DBA87 /* Debug */ = {
			isa = XCBuildConfiguration;
			buildSettings = {
				ALWAYS_SEARCH_USER_PATHS = NO;
				CLANG_ANALYZER_NONNULL = YES;
				CLANG_CXX_LANGUAGE_STANDARD = "gnu++0x";
				CLANG_CXX_LIBRARY = "libc++";
				CLANG_ENABLE_MODULES = YES;
				CLANG_ENABLE_OBJC_ARC = YES;
				CLANG_WARN_BOOL_CONVERSION = YES;
				CLANG_WARN_CONSTANT_CONVERSION = YES;
				CLANG_WARN_DIRECT_OBJC_ISA_USAGE = YES_ERROR;
				CLANG_WARN_EMPTY_BODY = YES;
				CLANG_WARN_ENUM_CONVERSION = YES;
				CLANG_WARN_INT_CONVERSION = YES;
				CLANG_WARN_OBJC_ROOT_CLASS = YES_ERROR;
				CLANG_WARN_UNREACHABLE_CODE = YES;
				CLANG_WARN__DUPLICATE_METHOD_MATCH = YES;
				"CODE_SIGN_IDENTITY[sdk=iphoneos*]" = "iPhone Developer";
				COPY_PHASE_STRIP = NO;
				DEBUG_INFORMATION_FORMAT = dwarf;
				ENABLE_STRICT_OBJC_MSGSEND = YES;
				ENABLE_TESTABILITY = YES;
				GCC_C_LANGUAGE_STANDARD = gnu99;
				GCC_DYNAMIC_NO_PIC = NO;
				GCC_NO_COMMON_BLOCKS = YES;
				GCC_OPTIMIZATION_LEVEL = 0;
				GCC_PREPROCESSOR_DEFINITIONS = (
					"DEBUG=1",
					"$(inherited)",
				);
				GCC_WARN_64_TO_32_BIT_CONVERSION = YES;
				GCC_WARN_ABOUT_RETURN_TYPE = YES_ERROR;
				GCC_WARN_UNDECLARED_SELECTOR = YES;
				GCC_WARN_UNINITIALIZED_AUTOS = YES_AGGRESSIVE;
				GCC_WARN_UNUSED_FUNCTION = YES;
				GCC_WARN_UNUSED_VARIABLE = YES;
				IPHONEOS_DEPLOYMENT_TARGET = 9.3;
				MTL_ENABLE_DEBUG_INFO = YES;
				ONLY_ACTIVE_ARCH = YES;
				SDKROOT = iphoneos;
				SWIFT_OPTIMIZATION_LEVEL = "-Onone";
				TARGETED_DEVICE_FAMILY = "1,2";
			};
			name = Debug;
		};
		C9519BB81D3D7E96008DBA87 /* Release */ = {
			isa = XCBuildConfiguration;
			buildSettings = {
				ALWAYS_SEARCH_USER_PATHS = NO;
				CLANG_ANALYZER_NONNULL = YES;
				CLANG_CXX_LANGUAGE_STANDARD = "gnu++0x";
				CLANG_CXX_LIBRARY = "libc++";
				CLANG_ENABLE_MODULES = YES;
				CLANG_ENABLE_OBJC_ARC = YES;
				CLANG_WARN_BOOL_CONVERSION = YES;
				CLANG_WARN_CONSTANT_CONVERSION = YES;
				CLANG_WARN_DIRECT_OBJC_ISA_USAGE = YES_ERROR;
				CLANG_WARN_EMPTY_BODY = YES;
				CLANG_WARN_ENUM_CONVERSION = YES;
				CLANG_WARN_INT_CONVERSION = YES;
				CLANG_WARN_OBJC_ROOT_CLASS = YES_ERROR;
				CLANG_WARN_UNREACHABLE_CODE = YES;
				CLANG_WARN__DUPLICATE_METHOD_MATCH = YES;
				"CODE_SIGN_IDENTITY[sdk=iphoneos*]" = "iPhone Developer";
				COPY_PHASE_STRIP = NO;
				DEBUG_INFORMATION_FORMAT = "dwarf-with-dsym";
				ENABLE_NS_ASSERTIONS = NO;
				ENABLE_STRICT_OBJC_MSGSEND = YES;
				GCC_C_LANGUAGE_STANDARD = gnu99;
				GCC_NO_COMMON_BLOCKS = YES;
				GCC_WARN_64_TO_32_BIT_CONVERSION = YES;
				GCC_WARN_ABOUT_RETURN_TYPE = YES_ERROR;
				GCC_WARN_UNDECLARED_SELECTOR = YES;
				GCC_WARN_UNINITIALIZED_AUTOS = YES_AGGRESSIVE;
				GCC_WARN_UNUSED_FUNCTION = YES;
				GCC_WARN_UNUSED_VARIABLE = YES;
				IPHONEOS_DEPLOYMENT_TARGET = 9.3;
				MTL_ENABLE_DEBUG_INFO = NO;
				SDKROOT = iphoneos;
				TARGETED_DEVICE_FAMILY = "1,2";
				VALIDATE_PRODUCT = YES;
			};
			name = Release;
		};
		C9519BBA1D3D7E96008DBA87 /* Debug */ = {
			isa = XCBuildConfiguration;
			buildSettings = {
				ASSETCATALOG_COMPILER_APPICON_NAME = AppIcon;
				INFOPLIST_FILE = TestingJointProject/Info.plist;
				LD_RUNPATH_SEARCH_PATHS = "$(inherited) @executable_path/Frameworks";
				PRODUCT_BUNDLE_IDENTIFIER = com.mamerige.TestingJointProject;
				PRODUCT_NAME = "$(TARGET_NAME)";
			};
			name = Debug;
		};
		C9519BBB1D3D7E96008DBA87 /* Release */ = {
			isa = XCBuildConfiguration;
			buildSettings = {
				ASSETCATALOG_COMPILER_APPICON_NAME = AppIcon;
				INFOPLIST_FILE = TestingJointProject/Info.plist;
				LD_RUNPATH_SEARCH_PATHS = "$(inherited) @executable_path/Frameworks";
				PRODUCT_BUNDLE_IDENTIFIER = com.mamerige.TestingJointProject;
				PRODUCT_NAME = "$(TARGET_NAME)";
			};
			name = Release;
		};
/* End XCBuildConfiguration section */

/* Begin XCConfigurationList section */
		C9519BA21D3D7E96008DBA87 /* Build configuration list for PBXProject "TestingJointProject" */ = {
			isa = XCConfigurationList;
			buildConfigurations = (
				C9519BB71D3D7E96008DBA87 /* Debug */,
				C9519BB81D3D7E96008DBA87 /* Release */,
			);
			defaultConfigurationIsVisible = 0;
			defaultConfigurationName = Release;
		};
		C9519BB91D3D7E96008DBA87 /* Build configuration list for PBXNativeTarget "TestingJointProject" */ = {
			isa = XCConfigurationList;
			buildConfigurations = (
				C9519BBA1D3D7E96008DBA87 /* Debug */,
				C9519BBB1D3D7E96008DBA87 /* Release */,
			);
			defaultConfigurationIsVisible = 0;
		};
/* End XCConfigurationList section */
	};
	rootObject = C9519B9F1D3D7E96008DBA87 /* Project object */;
}
